{
  "name": "prismastudio",
  "version": "1.0.0",
  "lockfileVersion": 1,
  "requires": true,
  "dependencies": {
    "@prisma/cli": {
      "version": "2.6.2",
      "resolved": "https://registry.npmjs.org/@prisma/cli/-/cli-2.6.2.tgz",
      "integrity": "sha512-aDzA1kWwmfyt1FeTzayZ6fDc9uXRo+gt+KFsR9bNqHtdge2aZLA9N/ft9+1627HOADIQgfTFw41K0GOMBJQ48w=="
    }
  }
}
